
Microsoft Visual Studio Solution File, Format Version 12.00
# Visual Studio 2013
VisualStudioVersion = 12.0.31101.0
MinimumVisualStudioVersion = 10.0.40219.1
Project("{FAE04EC0-301F-11D3-BF4B-00C04F79EFBC}") = "MediaGuide.API", "MediaGuide.API\MediaGuide.API.csproj", "{FAB8753C-3396-49D2-BB72-1B48ECDC940F}"
EndProject
Project("{FAE04EC0-301F-11D3-BF4B-00C04F79EFBC}") = "MediaGuide.API.Tests", "..\..\Documents\Visual Studio 2013\Projects\MediaGuide.API\MediaGuide.API.Tests\MediaGuide.API.Tests.csproj", "{57163D40-50C6-4E8A-A364-6492133D2F2D}"
EndProject
Project("{FAE04EC0-301F-11D3-BF4B-00C04F79EFBC}") = "MediaGuide.DTO", "MediaGuide.DTO\MediaGuide.DTO.csproj", "{C57EB8B7-8C4D-415E-9D43-9388B20D3B95}"
EndProject
Project("{FAE04EC0-301F-11D3-BF4B-00C04F79EFBC}") = "MediaGuide.Repository", "MediaGuide.Repository\MediaGuide.Repository.csproj", "{55BCC792-320F-47CE-92DF-51933CD9C089}"
EndProject
Global
	GlobalSection(SolutionConfigurationPlatforms) = preSolution
		Debug|Any CPU = Debug|Any CPU
		Release|Any CPU = Release|Any CPU
	EndGlobalSection
	GlobalSection(ProjectConfigurationPlatforms) = postSolution
		{FAB8753C-3396-49D2-BB72-1B48ECDC940F}.Debug|Any CPU.ActiveCfg = Debug|Any CPU
		{FAB8753C-3396-49D2-BB72-1B48ECDC940F}.Debug|Any CPU.Build.0 = Debug|Any CPU
		{FAB8753C-3396-49D2-BB72-1B48ECDC940F}.Release|Any CPU.ActiveCfg = Release|Any CPU
		{FAB8753C-3396-49D2-BB72-1B48ECDC940F}.Release|Any CPU.Build.0 = Release|Any CPU
		{57163D40-50C6-4E8A-A364-6492133D2F2D}.Debug|Any CPU.ActiveCfg = Debug|Any CPU
		{57163D40-50C6-4E8A-A364-6492133D2F2D}.Debug|Any CPU.Build.0 = Debug|Any CPU
		{57163D40-50C6-4E8A-A364-6492133D2F2D}.Release|Any CPU.ActiveCfg = Release|Any CPU
		{57163D40-50C6-4E8A-A364-6492133D2F2D}.Release|Any CPU.Build.0 = Release|Any CPU
		{C57EB8B7-8C4D-415E-9D43-9388B20D3B95}.Debug|Any CPU.ActiveCfg = Debug|Any CPU
		{C57EB8B7-8C4D-415E-9D43-9388B20D3B95}.Debug|Any CPU.Build.0 = Debug|Any CPU
		{C57EB8B7-8C4D-415E-9D43-9388B20D3B95}.Release|Any CPU.ActiveCfg = Release|Any CPU
		{C57EB8B7-8C4D-415E-9D43-9388B20D3B95}.Release|Any CPU.Build.0 = Release|Any CPU
		{55BCC792-320F-47CE-92DF-51933CD9C089}.Debug|Any CPU.ActiveCfg = Debug|Any CPU
		{55BCC792-320F-47CE-92DF-51933CD9C089}.Debug|Any CPU.Build.0 = Debug|Any CPU
		{55BCC792-320F-47CE-92DF-51933CD9C089}.Release|Any CPU.ActiveCfg = Release|Any CPU
		{55BCC792-320F-47CE-92DF-51933CD9C089}.Release|Any CPU.Build.0 = Release|Any CPU
	EndGlobalSection
	GlobalSection(SolutionProperties) = preSolution
		HideSolutionNode = FALSE
	EndGlobalSection
EndGlobal
